
Microsoft Visual Studio Solution File, Format Version 12.00
# Visual Studio Version 16
VisualStudioVersion = 16.0.29905.134
MinimumVisualStudioVersion = 10.0.40219.1
Project("{FAE04EC0-301F-11D3-BF4B-00C04F79EFBC}") = "PizzaPalatsetServer", "PizzaPalatsetServer\PizzaPalatsetServer.csproj", "{B1D5430B-F429-43DD-A034-0D83865B5DBC}"
EndProject
Global
	GlobalSection(SolutionConfigurationPlatforms) = preSolution
		Debug|Any CPU = Debug|Any CPU
		Release|Any CPU = Release|Any CPU
	EndGlobalSection
	GlobalSection(ProjectConfigurationPlatforms) = postSolution
		{B1D5430B-F429-43DD-A034-0D83865B5DBC}.Debug|Any CPU.ActiveCfg = Debug|Any CPU
		{B1D5430B-F429-43DD-A034-0D83865B5DBC}.Debug|Any CPU.Build.0 = Debug|Any CPU
		{B1D5430B-F429-43DD-A034-0D83865B5DBC}.Release|Any CPU.ActiveCfg = Release|Any CPU
		{B1D5430B-F429-43DD-A034-0D83865B5DBC}.Release|Any CPU.Build.0 = Release|Any CPU
	EndGlobalSection
	GlobalSection(SolutionProperties) = preSolution
		HideSolutionNode = FALSE
	EndGlobalSection
	GlobalSection(ExtensibilityGlobals) = postSolution
		SolutionGuid = {DBCF0978-2256-479F-8F4B-7C599572FE42}
	EndGlobalSection
EndGlobal
